
Microsoft Visual Studio Solution File, Format Version 12.00
# Visual Studio Version 17
VisualStudioVersion = 17.14.36109.1 d17.14
MinimumVisualStudioVersion = 10.0.40219.1
Project("{FAE04EC0-301F-11D3-BF4B-00C04F79EFBC}") = "SistemaCadastro", "SistemaCadastro\SistemaCadastro.csproj", "{61DFEAB0-3403-4BE9-8E34-5FD710A41BFD}"
EndProject
Global
	GlobalSection(SolutionConfigurationPlatforms) = preSolution
		Debug|Any CPU = Debug|Any CPU
		Release|Any CPU = Release|Any CPU
	EndGlobalSection
	GlobalSection(ProjectConfigurationPlatforms) = postSolution
		{61DFEAB0-3403-4BE9-8E34-5FD710A41BFD}.Debug|Any CPU.ActiveCfg = Debug|Any CPU
		{61DFEAB0-3403-4BE9-8E34-5FD710A41BFD}.Debug|Any CPU.Build.0 = Debug|Any CPU
		{61DFEAB0-3403-4BE9-8E34-5FD710A41BFD}.Release|Any CPU.ActiveCfg = Release|Any CPU
		{61DFEAB0-3403-4BE9-8E34-5FD710A41BFD}.Release|Any CPU.Build.0 = Release|Any CPU
	EndGlobalSection
	GlobalSection(SolutionProperties) = preSolution
		HideSolutionNode = FALSE
	EndGlobalSection
	GlobalSection(ExtensibilityGlobals) = postSolution
		SolutionGuid = {64873752-3439-4CFB-9000-604DF87ABC51}
	EndGlobalSection
EndGlobal
